
Microsoft Visual Studio Solution File, Format Version 12.00
# Visual Studio Version 17
VisualStudioVersion = 17.5.33516.290
MinimumVisualStudioVersion = 10.0.40219.1
Project("{9A19103F-16F7-4668-BE54-9A1E7A4F7556}") = "H.Necessaire.Logging.NewRelic", "H.Necessaire.Logging.NewRelic\H.Necessaire.Logging.NewRelic.csproj", "{AF12566E-58BA-4185-B824-C9D0306274C5}"
EndProject
Project("{2150E333-8FDC-42A3-9474-1A3956D46DE8}") = "Tools", "Tools", "{1FC758F6-83AF-4DCA-9C28-32D6D38C1A5D}"
EndProject
Project("{9A19103F-16F7-4668-BE54-9A1E7A4F7556}") = "H.Necessaire.Logging.NewRelic.CLI", "Tools\H.Necessaire.Logging.NewRelic.CLI\H.Necessaire.Logging.NewRelic.CLI.csproj", "{EA595652-3B10-4365-AC8A-BB41935AA4B3}"
EndProject
Global
	GlobalSection(SolutionConfigurationPlatforms) = preSolution
		Debug|Any CPU = Debug|Any CPU
		Release|Any CPU = Release|Any CPU
	EndGlobalSection
	GlobalSection(ProjectConfigurationPlatforms) = postSolution
		{AF12566E-58BA-4185-B824-C9D0306274C5}.Debug|Any CPU.ActiveCfg = Debug|Any CPU
		{AF12566E-58BA-4185-B824-C9D0306274C5}.Debug|Any CPU.Build.0 = Debug|Any CPU
		{AF12566E-58BA-4185-B824-C9D0306274C5}.Release|Any CPU.ActiveCfg = Release|Any CPU
		{AF12566E-58BA-4185-B824-C9D0306274C5}.Release|Any CPU.Build.0 = Release|Any CPU
		{EA595652-3B10-4365-AC8A-BB41935AA4B3}.Debug|Any CPU.ActiveCfg = Debug|Any CPU
		{EA595652-3B10-4365-AC8A-BB41935AA4B3}.Debug|Any CPU.Build.0 = Debug|Any CPU
		{EA595652-3B10-4365-AC8A-BB41935AA4B3}.Release|Any CPU.ActiveCfg = Release|Any CPU
		{EA595652-3B10-4365-AC8A-BB41935AA4B3}.Release|Any CPU.Build.0 = Release|Any CPU
	EndGlobalSection
	GlobalSection(SolutionProperties) = preSolution
		HideSolutionNode = FALSE
	EndGlobalSection
	GlobalSection(NestedProjects) = preSolution
		{EA595652-3B10-4365-AC8A-BB41935AA4B3} = {1FC758F6-83AF-4DCA-9C28-32D6D38C1A5D}
	EndGlobalSection
	GlobalSection(ExtensibilityGlobals) = postSolution
		SolutionGuid = {63A9645B-C3DB-4F78-AF91-FEC81749EB3E}
	EndGlobalSection
EndGlobal
